
Microsoft Visual Studio Solution File, Format Version 12.00
# Visual Studio 15
VisualStudioVersion = 15.0.28307.539
MinimumVisualStudioVersion = 10.0.40219.1
Project("{FAE04EC0-301F-11D3-BF4B-00C04F79EFBC}") = "ConsoleApp1", "ConsoleApp1\ConsoleApp1.csproj", "{D15B8B5F-BD36-42AF-B1AD-021FE3DC114C}"
EndProject
Global
	GlobalSection(SolutionConfigurationPlatforms) = preSolution
		Debug|Any CPU = Debug|Any CPU
		Debug|x64 = Debug|x64
		Release|Any CPU = Release|Any CPU
		Release|x64 = Release|x64
	EndGlobalSection
	GlobalSection(ProjectConfigurationPlatforms) = postSolution
		{D15B8B5F-BD36-42AF-B1AD-021FE3DC114C}.Debug|Any CPU.ActiveCfg = Debug|x64
		{D15B8B5F-BD36-42AF-B1AD-021FE3DC114C}.Debug|Any CPU.Build.0 = Debug|x64
		{D15B8B5F-BD36-42AF-B1AD-021FE3DC114C}.Debug|x64.ActiveCfg = Debug|x64
		{D15B8B5F-BD36-42AF-B1AD-021FE3DC114C}.Debug|x64.Build.0 = Debug|x64
		{D15B8B5F-BD36-42AF-B1AD-021FE3DC114C}.Release|Any CPU.ActiveCfg = Release|Any CPU
		{D15B8B5F-BD36-42AF-B1AD-021FE3DC114C}.Release|Any CPU.Build.0 = Release|Any CPU
		{D15B8B5F-BD36-42AF-B1AD-021FE3DC114C}.Release|x64.ActiveCfg = Release|x64
		{D15B8B5F-BD36-42AF-B1AD-021FE3DC114C}.Release|x64.Build.0 = Release|x64
	EndGlobalSection
	GlobalSection(SolutionProperties) = preSolution
		HideSolutionNode = FALSE
	EndGlobalSection
	GlobalSection(ExtensibilityGlobals) = postSolution
		SolutionGuid = {B5B4E55C-C30E-4CAD-8B63-55441AB11BF9}
	EndGlobalSection
EndGlobal
